{
  "name": "@scintilla-network/sdk",
  "version": "2.0.0",
  "lockfileVersion": 3,
  "requires": true,
  "packages": {
    "": {
      "name": "@scintilla-network/sdk",
      "version": "2.0.0",
      "license": "MIT",
      "dependencies": {
        "@scintilla-network/hashes": "1.3.1",
        "@scintilla-network/keys": "1.3.0",
        "@scintilla-network/serialize": "1.0.2",
        "@scintilla-network/trees": "1.0.0",
        "hermodlog": "2.0.0"
      },
      "devDependencies": {
        "@scintilla-network/litest": "1.4.1",
        "@scintilla-network/wallet": "1.1.0"
      },
      "funding": {
        "type": "github",
        "url": "https://github.com/sponsors/Scintilla-Network"
      }
    },
    "node_modules/@noble/ciphers": {
      "version": "2.0.0",
      "resolved": "https://registry.npmjs.org/@noble/ciphers/-/ciphers-2.0.0.tgz",
      "integrity": "sha512-j/l6jpnpaIBM87cAYPJzi/6TgqmBv9spkqPyCXvRYsu5uxqh6tPJZDnD85yo8VWqzTuTQPgfv7NgT63u7kbwAQ==",
      "license": "MIT",
      "engines": {
        "node": ">= 20.19.0"
      },
      "funding": {
        "url": "https://paulmillr.com/funding/"
      }
    },
    "node_modules/@noble/curves": {
      "version": "2.0.0",
      "resolved": "https://registry.npmjs.org/@noble/curves/-/curves-2.0.0.tgz",
      "integrity": "sha512-RiwZZeJnsTnhT+/gg2KvITJZhK5oagQrpZo+yQyd3mv3D5NAG2qEeEHpw7IkXRlpkoD45wl2o4ydHAvY9wyEfw==",
      "license": "MIT",
      "dependencies": {
        "@noble/hashes": "2.0.0"
      },
      "engines": {
        "node": ">= 20.19.0"
      },
      "funding": {
        "url": "https://paulmillr.com/funding/"
      }
    },
    "node_modules/@noble/hashes": {
      "version": "2.0.0",
      "resolved": "https://registry.npmjs.org/@noble/hashes/-/hashes-2.0.0.tgz",
      "integrity": "sha512-h8VUBlE8R42+XIDO229cgisD287im3kdY6nbNZJFjc6ZvKIXPYXe6Vc/t+kyjFdMFyt5JpapzTsEg8n63w5/lw==",
      "license": "MIT",
      "engines": {
        "node": ">= 20.19.0"
      },
      "funding": {
        "url": "https://paulmillr.com/funding/"
      }
    },
    "node_modules/@noble/post-quantum": {
      "version": "0.5.1",
      "resolved": "https://registry.npmjs.org/@noble/post-quantum/-/post-quantum-0.5.1.tgz",
      "integrity": "sha512-OABLmlDXCTy7DQYTgVUKsO+m4VTPedGxZXjK30+DG4Sc1LgRxvT9IcSAKgvta9LYiddYVjBT0/Fjkcbojqcl1g==",
      "license": "MIT",
      "dependencies": {
        "@noble/curves": "~2.0.0",
        "@noble/hashes": "~2.0.0"
      },
      "engines": {
        "node": ">= 20.19.0"
      },
      "funding": {
        "url": "https://paulmillr.com/funding/"
      }
    },
    "node_modules/@scintilla-network/ciphers": {
      "version": "1.2.1",
      "resolved": "https://registry.npmjs.org/@scintilla-network/ciphers/-/ciphers-1.2.1.tgz",
      "integrity": "sha512-fX5auhgMi30vjL9lMfjz23iXzG3BiZImBSj0XFGrBlOEOOFShqgDigH3S0fCVaN+CziAzfuonzJdmJdAXhl7FA==",
      "license": "MIT",
      "dependencies": {
        "@noble/ciphers": "2.0.0"
      }
    },
    "node_modules/@scintilla-network/hashes": {
      "version": "1.3.1",
      "resolved": "https://registry.npmjs.org/@scintilla-network/hashes/-/hashes-1.3.1.tgz",
      "integrity": "sha512-svqf8SSNNNUkG1VfwFQocir/+prxdESAOjkwpsCZ8spu6LTDrx2gx/O3WTxtHpHpymwo5exwNESUUhmfmrnNrQ==",
      "license": "MIT",
      "dependencies": {
        "@noble/hashes": "2.0.0"
      }
    },
    "node_modules/@scintilla-network/keys": {
      "version": "1.4.0",
      "resolved": "https://registry.npmjs.org/@scintilla-network/keys/-/keys-1.4.0.tgz",
      "integrity": "sha512-upMzJkQ8r6AAu4YOAuEhqfxgH6Tu4tfdEUzobJKrkXp1kqmMHiywVU4MN3CiUgRDOdOKeZsPS6u27Hl9+fgbyQ==",
      "license": "MIT",
      "dependencies": {
        "@scintilla-network/ciphers": "1.2.1",
        "@scintilla-network/hashes": "1.3.1",
        "@scintilla-network/mnemonic": "2.1.0",
        "@scintilla-network/signatures": "1.2.1"
      }
    },
    "node_modules/@scintilla-network/litest": {
      "version": "1.4.1",
      "resolved": "https://registry.npmjs.org/@scintilla-network/litest/-/litest-1.4.1.tgz",
      "integrity": "sha512-tjFw9lRPSQyNr0lDugIoeVy7IEtupfilOqBpPIHoNP0uFOdLw2t+jwcawn2wNJK0imBCAjawCyYdsjI6aF0H/g==",
      "cpu": [
        "x64",
        "arm64",
        "arm",
        "ia32"
      ],
      "dev": true,
      "license": "MIT",
      "os": [
        "darwin",
        "linux",
        "win32"
      ],
      "bin": {
        "litest": "src/runner.js"
      },
      "engines": {
        "node": ">=14.0.0"
      },
      "funding": {
        "type": "github",
        "url": "https://github.com/sponsors/Scintilla-Network"
      }
    },
    "node_modules/@scintilla-network/mnemonic": {
      "version": "2.1.0",
      "resolved": "https://registry.npmjs.org/@scintilla-network/mnemonic/-/mnemonic-2.1.0.tgz",
      "integrity": "sha512-eIc0M3jZD0RwMRGJe+txx2QBSsmb4bx08azEJaaJlbeVH+jBkcL1rUyhJ9QYZiU3NjNQF1+QonwEaEEd/KiVCA==",
      "license": "MIT",
      "dependencies": {
        "@scintilla-network/hashes": "1.3.1"
      }
    },
    "node_modules/@scintilla-network/serialize": {
      "version": "1.0.2",
      "resolved": "https://registry.npmjs.org/@scintilla-network/serialize/-/serialize-1.0.2.tgz",
      "integrity": "sha512-jmxuguo672U2izMmdq5tQ28UMdLqSlk3P3dqbi2aEIILtCGQjxrzMaq8xDl7T9nFWjlkb/jwR5RNV+yy2Wy0aw==",
      "license": "MIT",
      "dependencies": {
        "@scintilla-network/keys": "1.3.0"
      },
      "funding": {
        "type": "github",
        "url": "https://github.com/sponsors/Scintilla-Network"
      }
    },
    "node_modules/@scintilla-network/serialize/node_modules/@scintilla-network/keys": {
      "version": "1.3.0",
      "resolved": "https://registry.npmjs.org/@scintilla-network/keys/-/keys-1.3.0.tgz",
      "integrity": "sha512-3DeonECxobdK7N4fOgfKwhXyKs+WXnrnW0MueLfk57L8R/M/UeE/A1ZowO57KmB+dkbLUBUOX6gpjM6lwCK9dA==",
      "license": "MIT",
      "dependencies": {
        "@scintilla-network/ciphers": "1.2.1",
        "@scintilla-network/hashes": "1.3.1",
        "@scintilla-network/mnemonic": "2.1.0",
        "@scintilla-network/signatures": "1.2.1"
      }
    },
    "node_modules/@scintilla-network/signatures": {
      "version": "1.2.1",
      "resolved": "https://registry.npmjs.org/@scintilla-network/signatures/-/signatures-1.2.1.tgz",
      "integrity": "sha512-BppNApBTr4drb3lN9FV7LW05LIJ7Tm4/gB9ZstLLZt5/N0DRBLRkB74Yn/yOux2fA+vKT9TYZOmWSF0YCZhp4w==",
      "license": "MIT",
      "dependencies": {
        "@noble/curves": "2.0.0",
        "@noble/post-quantum": "0.5.1"
      },
      "engines": {
        "node": ">=18.0.0"
      }
    },
    "node_modules/@scintilla-network/trees": {
      "version": "1.0.0",
      "resolved": "https://registry.npmjs.org/@scintilla-network/trees/-/trees-1.0.0.tgz",
      "integrity": "sha512-K9W1V4QOGkDl+8clpAAF8A1lrrm5TA5ET7yTDwqnmfUhc3b12U3GEVLzj8RkjtRWHlRwfxoomLYV3ZXow8yyIQ==",
      "license": "MIT",
      "dependencies": {
        "@scintilla-network/hashes": "^1.3.1"
      }
    },
    "node_modules/@scintilla-network/wallet": {
      "version": "1.1.0",
      "resolved": "https://registry.npmjs.org/@scintilla-network/wallet/-/wallet-1.1.0.tgz",
      "integrity": "sha512-yIaXPNV4BdSNuL3+78lxyAH8JxnA7vrBB19Gq3k0QKFZON35hhSP/MbBS1FnTY6P3bJQMVNCUeB8v+sfihf53g==",
      "dev": true,
      "license": "MIT",
      "dependencies": {
        "@scintilla-network/hashes": "1.3.1",
        "@scintilla-network/keys": "1.2.0",
        "@scintilla-network/mnemonic": "2.1.0"
      }
    },
    "node_modules/@scintilla-network/wallet/node_modules/@scintilla-network/keys": {
      "version": "1.2.0",
      "resolved": "https://registry.npmjs.org/@scintilla-network/keys/-/keys-1.2.0.tgz",
      "integrity": "sha512-qGLLLXIZPc2WFeMc6FqRKxm3QmBCtgf2cVj07jyD+/xqpjvUoXlBOyKyq88lvGBas7K2pzZ8CobUPOTdVkZfoQ==",
      "dev": true,
      "license": "MIT",
      "dependencies": {
        "@scintilla-network/ciphers": "1.2.1",
        "@scintilla-network/hashes": "1.3.1",
        "@scintilla-network/mnemonic": "2.1.0",
        "@scintilla-network/signatures": "1.2.1"
      }
    },
    "node_modules/hermodlog": {
      "version": "2.0.0",
      "resolved": "https://registry.npmjs.org/hermodlog/-/hermodlog-2.0.0.tgz",
      "integrity": "sha512-p1TRCRXPo21VylYbucmTm/QcB73S0gPzTPRpU9iP8DQ7ebCMjriuyg1mvD+DS9AjUZs3H/EBxm8yEjajx9/xwA==",
      "license": "MIT"
    }
  }
}
